
Microsoft Visual Studio Solution File, Format Version 12.00
# Visual Studio Version 17
VisualStudioVersion = 17.4.33213.308
MinimumVisualStudioVersion = 10.0.40219.1
Project("{FAE04EC0-301F-11D3-BF4B-00C04F79EFBC}") = "ReHotelListAPI", "ReHotelListAPI\ReHotelListAPI.csproj", "{F92FA1E5-A9C1-4D8D-92D9-C85184A73359}"
EndProject
Global
	GlobalSection(SolutionConfigurationPlatforms) = preSolution
		Debug|Any CPU = Debug|Any CPU
		Release|Any CPU = Release|Any CPU
	EndGlobalSection
	GlobalSection(ProjectConfigurationPlatforms) = postSolution
		{F92FA1E5-A9C1-4D8D-92D9-C85184A73359}.Debug|Any CPU.ActiveCfg = Debug|Any CPU
		{F92FA1E5-A9C1-4D8D-92D9-C85184A73359}.Debug|Any CPU.Build.0 = Debug|Any CPU
		{F92FA1E5-A9C1-4D8D-92D9-C85184A73359}.Release|Any CPU.ActiveCfg = Release|Any CPU
		{F92FA1E5-A9C1-4D8D-92D9-C85184A73359}.Release|Any CPU.Build.0 = Release|Any CPU
	EndGlobalSection
	GlobalSection(SolutionProperties) = preSolution
		HideSolutionNode = FALSE
	EndGlobalSection
	GlobalSection(ExtensibilityGlobals) = postSolution
		SolutionGuid = {40464FDA-5F62-4B80-BA0A-A31BA442E069}
	EndGlobalSection
EndGlobal
